// !$*UTF8*$!
{
	archiveVersion = 1;
	classes = {
	};
	objectVersion = 46;
	objects = {

/* Begin PBXBuildFile section */
		3D9B46F41D655E4C0018563C /* AppDelegate.swift in Sources */ = {isa = PBXBuildFile; fileRef = 3D9B46F31D655E4C0018563C /* AppDelegate.swift */; };
		3D9B46F61D655E4C0018563C /* ViewController.swift in Sources */ = {isa = PBXBuildFile; fileRef = 3D9B46F51D655E4C0018563C /* ViewController.swift */; };
		3D9B46F91D655E4C0018563C /* Main.storyboard in Resources */ = {isa = PBXBuildFile; fileRef = 3D9B46F71D655E4C0018563C /* Main.storyboard */; };
		3D9B46FB1D655E4D0018563C /* Assets.xcassets in Resources */ = {isa = PBXBuildFile; fileRef = 3D9B46FA1D655E4D0018563C /* Assets.xcassets */; };
		3D9B46FE1D655E4D0018563C /* LaunchScreen.storyboard in Resources */ = {isa = PBXBuildFile; fileRef = 3D9B46FC1D655E4D0018563C /* LaunchScreen.storyboard */; };
/* End PBXBuildFile section */

/* Begin PBXFileReference section */
		3D9B46F01D655E4C0018563C /* ios-camera-video-save-to-file-frames-AVAssetWriterInputPixelBufferAdaptor.app */ = {isa = PBXFileReference; explicitFileType = wrapper.application; includeInIndex = 0; path = "ios-camera-video-save-to-file-frames-AVAssetWriterInputPixelBufferAdaptor.app"; sourceTree = BUILT_PRODUCTS_DIR; };
		3D9B46F31D655E4C0018563C /* AppDelegate.swift */ = {isa = PBXFileReference; lastKnownFileType = sourcecode.swift; path = AppDelegate.swift; sourceTree = "<group>"; };
		3D9B46F51D655E4C0018563C /* ViewController.swift */ = {isa = PBXFileReference; lastKnownFileType = sourcecode.swift; path = ViewController.swift; sourceTree = "<group>"; };
		3D9B46F81D655E4C0018563C /* Base */ = {isa = PBXFileReference; lastKnownFileType = file.storyboard; name = Base; path = Base.lproj/Main.storyboard; sourceTree = "<group>"; };
		3D9B46FA1D655E4D0018563C /* Assets.xcassets */ = {isa = PBXFileReference; lastKnownFileType = folder.assetcatalog; path = Assets.xcassets; sourceTree = "<group>"; };
		3D9B46FD1D655E4D0018563C /* Base */ = {isa = PBXFileReference; lastKnownFileType = file.storyboard; name = Base; path = Base.lproj/LaunchScreen.storyboard; sourceTree = "<group>"; };
		3D9B46FF1D655E4D0018563C /* Info.plist */ = {isa = PBXFileReference; lastKnownFileType = text.plist.xml; path = Info.plist; sourceTree = "<group>"; };
/* End PBXFileReference section */

/* Begin PBXFrameworksBuildPhase section */
		3D9B46ED1D655E4C0018563C /* Frameworks */ = {
			isa = PBXFrameworksBuildPhase;
			buildActionMask = 2147483647;
			files = (
			);
			runOnlyForDeploymentPostprocessing = 0;
		};
/* End PBXFrameworksBuildPhase section */

/* Begin PBXGroup section */
		3D9B46E71D655E4C0018563C = {
			isa = PBXGroup;
			children = (
				3D9B46F21D655E4C0018563C /* ios-camera-video-save-to-file-frames-AVAssetWriterInputPixelBufferAdaptor */,
				3D9B46F11D655E4C0018563C /* Products */,
			);
			sourceTree = "<group>";
		};
		3D9B46F11D655E4C0018563C /* Products */ = {
			isa = PBXGroup;
			children = (
				3D9B46F01D655E4C0018563C /* ios-camera-video-save-to-file-frames-AVAssetWriterInputPixelBufferAdaptor.app */,
			);
			name = Products;
			sourceTree = "<group>";
		};
		3D9B46F21D655E4C0018563C /* ios-camera-video-save-to-file-frames-AVAssetWriterInputPixelBufferAdaptor */ = {
			isa = PBXGroup;
			children = (
				3D9B46F31D655E4C0018563C /* AppDelegate.swift */,
				3D9B46F51D655E4C0018563C /* ViewController.swift */,
				3D9B46F71D655E4C0018563C /* Main.storyboard */,
				3D9B46FA1D655E4D0018563C /* Assets.xcassets */,
				3D9B46FC1D655E4D0018563C /* LaunchScreen.storyboard */,
				3D9B46FF1D655E4D0018563C /* Info.plist */,
			);
			path = "ios-camera-video-save-to-file-frames-AVAssetWriterInputPixelBufferAdaptor";
			sourceTree = "<group>";
		};
/* End PBXGroup section */

/* Begin PBXNativeTarget section */
		3D9B46EF1D655E4C0018563C /* ios-camera-video-save-to-file-frames-AVAssetWriterInputPixelBufferAdaptor */ = {
			isa = PBXNativeTarget;
			buildConfigurationList = 3D9B47021D655E4D0018563C /* Build configuration list for PBXNativeTarget "ios-camera-video-save-to-file-frames-AVAssetWriterInputPixelBufferAdaptor" */;
			buildPhases = (
				3D9B46EC1D655E4C0018563C /* Sources */,
				3D9B46ED1D655E4C0018563C /* Frameworks */,
				3D9B46EE1D655E4C0018563C /* Resources */,
			);
			buildRules = (
			);
			dependencies = (
			);
			name = "ios-camera-video-save-to-file-frames-AVAssetWriterInputPixelBufferAdaptor";
			productName = "ios-camera-video-save-to-file-frames-AVAssetWriterInputPixelBufferAdaptor";
			productReference = 3D9B46F01D655E4C0018563C /* ios-camera-video-save-to-file-frames-AVAssetWriterInputPixelBufferAdaptor.app */;
			productType = "com.apple.product-type.application";
		};
/* End PBXNativeTarget section */

/* Begin PBXProject section */
		3D9B46E81D655E4C0018563C /* Project object */ = {
			isa = PBXProject;
			attributes = {
				LastSwiftUpdateCheck = 0730;
				LastUpgradeCheck = 0730;
				ORGANIZATIONNAME = "Zhaonan Li";
				TargetAttributes = {
					3D9B46EF1D655E4C0018563C = {
						CreatedOnToolsVersion = 7.3.1;
					};
				};
			};
			buildConfigurationList = 3D9B46EB1D655E4C0018563C /* Build configuration list for PBXProject "ios-camera-video-save-to-file-frames-AVAssetWriterInputPixelBufferAdaptor" */;
			compatibilityVersion = "Xcode 3.2";
			developmentRegion = English;
			hasScannedForEncodings = 0;
			knownRegions = (
				en,
				Base,
			);
			mainGroup = 3D9B46E71D655E4C0018563C;
			productRefGroup = 3D9B46F11D655E4C0018563C /* Products */;
			projectDirPath = "";
			projectRoot = "";
			targets = (
				3D9B46EF1D655E4C0018563C /* ios-camera-video-save-to-file-frames-AVAssetWriterInputPixelBufferAdaptor */,
			);
		};
/* End PBXProject section */

/* Begin PBXResourcesBuildPhase section */
		3D9B46EE1D655E4C0018563C /* Resources */ = {
			isa = PBXResourcesBuildPhase;
			buildActionMask = 2147483647;
			files = (
				3D9B46FE1D655E4D0018563C /* LaunchScreen.storyboard in Resources */,
				3D9B46FB1D655E4D0018563C /* Assets.xcassets in Resources */,
				3D9B46F91D655E4C0018563C /* Main.storyboard in Resources */,
			);
			runOnlyForDeploymentPostprocessing = 0;
		};
/* End PBXResourcesBuildPhase section */

/* Begin PBXSourcesBuildPhase section */
		3D9B46EC1D655E4C0018563C /* Sources */ = {
			isa = PBXSourcesBuildPhase;
			buildActionMask = 2147483647;
			files = (
				3D9B46F61D655E4C0018563C /* ViewController.swift in Sources */,
				3D9B46F41D655E4C0018563C /* AppDelegate.swift in Sources */,
			);
			runOnlyForDeploymentPostprocessing = 0;
		};
/* End PBXSourcesBuildPhase section */

/* Begin PBXVariantGroup section */
		3D9B46F71D655E4C0018563C /* Main.storyboard */ = {
			isa = PBXVariantGroup;
			children = (
				3D9B46F81D655E4C0018563C /* Base */,
			);
			name = Main.storyboard;
			sourceTree = "<group>";
		};
		3D9B46FC1D655E4D0018563C /* LaunchScreen.storyboard */ = {
			isa = PBXVariantGroup;
			children = (
				3D9B46FD1D655E4D0018563C /* Base */,
			);
			name = LaunchScreen.storyboard;
			sourceTree = "<group>";
		};
/* End PBXVariantGroup section */

/* Begin XCBuildConfiguration section */
		3D9B47001D655E4D0018563C /* Debug */ = {
			isa = XCBuildConfiguration;
			buildSettings = {
				ALWAYS_SEARCH_USER_PATHS = NO;
				CLANG_ANALYZER_NONNULL = YES;
				CLANG_CXX_LANGUAGE_STANDARD = "gnu++0x";
				CLANG_CXX_LIBRARY = "libc++";
				CLANG_ENABLE_MODULES = YES;
				CLANG_ENABLE_OBJC_ARC = YES;
				CLANG_WARN_BOOL_CONVERSION = YES;
				CLANG_WARN_CONSTANT_CONVERSION = YES;
				CLANG_WARN_DIRECT_OBJC_ISA_USAGE = YES_ERROR;
				CLANG_WARN_EMPTY_BODY = YES;
				CLANG_WARN_ENUM_CONVERSION = YES;
				CLANG_WARN_INT_CONVERSION = YES;
				CLANG_WARN_OBJC_ROOT_CLASS = YES_ERROR;
				CLANG_WARN_UNREACHABLE_CODE = YES;
				CLANG_WARN__DUPLICATE_METHOD_MATCH = YES;
				"CODE_SIGN_IDENTITY[sdk=iphoneos*]" = "iPhone Developer";
				COPY_PHASE_STRIP = NO;
				DEBUG_INFORMATION_FORMAT = dwarf;
				ENABLE_STRICT_OBJC_MSGSEND = YES;
				ENABLE_TESTABILITY = YES;
				GCC_C_LANGUAGE_STANDARD = gnu99;
				GCC_DYNAMIC_NO_PIC = NO;
				GCC_NO_COMMON_BLOCKS = YES;
				GCC_OPTIMIZATION_LEVEL = 0;
				GCC_PREPROCESSOR_DEFINITIONS = (
					"DEBUG=1",
					"$(inherited)",
				);
				GCC_WARN_64_TO_32_BIT_CONVERSION = YES;
				GCC_WARN_ABOUT_RETURN_TYPE = YES_ERROR;
				GCC_WARN_UNDECLARED_SELECTOR = YES;
				GCC_WARN_UNINITIALIZED_AUTOS = YES_AGGRESSIVE;
				GCC_WARN_UNUSED_FUNCTION = YES;
				GCC_WARN_UNUSED_VARIABLE = YES;
				IPHONEOS_DEPLOYMENT_TARGET = 9.3;
				MTL_ENABLE_DEBUG_INFO = YES;
				ONLY_ACTIVE_ARCH = YES;
				SDKROOT = iphoneos;
				SWIFT_OPTIMIZATION_LEVEL = "-Onone";
			};
			name = Debug;
		};
		3D9B47011D655E4D0018563C /* Release */ = {
			isa = XCBuildConfiguration;
			buildSettings = {
				ALWAYS_SEARCH_USER_PATHS = NO;
				CLANG_ANALYZER_NONNULL = YES;
				CLANG_CXX_LANGUAGE_STANDARD = "gnu++0x";
				CLANG_CXX_LIBRARY = "libc++";
				CLANG_ENABLE_MODULES = YES;
				CLANG_ENABLE_OBJC_ARC = YES;
				CLANG_WARN_BOOL_CONVERSION = YES;
				CLANG_WARN_CONSTANT_CONVERSION = YES;
				CLANG_WARN_DIRECT_OBJC_ISA_USAGE = YES_ERROR;
				CLANG_WARN_EMPTY_BODY = YES;
				CLANG_WARN_ENUM_CONVERSION = YES;
				CLANG_WARN_INT_CONVERSION = YES;
				CLANG_WARN_OBJC_ROOT_CLASS = YES_ERROR;
				CLANG_WARN_UNREACHABLE_CODE = YES;
				CLANG_WARN__DUPLICATE_METHOD_MATCH = YES;
				"CODE_SIGN_IDENTITY[sdk=iphoneos*]" = "iPhone Developer";
				COPY_PHASE_STRIP = NO;
				DEBUG_INFORMATION_FORMAT = "dwarf-with-dsym";
				ENABLE_NS_ASSERTIONS = NO;
				ENABLE_STRICT_OBJC_MSGSEND = YES;
				GCC_C_LANGUAGE_STANDARD = gnu99;
				GCC_NO_COMMON_BLOCKS = YES;
				GCC_WARN_64_TO_32_BIT_CONVERSION = YES;
				GCC_WARN_ABOUT_RETURN_TYPE = YES_ERROR;
				GCC_WARN_UNDECLARED_SELECTOR = YES;
				GCC_WARN_UNINITIALIZED_AUTOS = YES_AGGRESSIVE;
				GCC_WARN_UNUSED_FUNCTION = YES;
				GCC_WARN_UNUSED_VARIABLE = YES;
				IPHONEOS_DEPLOYMENT_TARGET = 9.3;
				MTL_ENABLE_DEBUG_INFO = NO;
				SDKROOT = iphoneos;
				VALIDATE_PRODUCT = YES;
			};
			name = Release;
		};
		3D9B47031D655E4D0018563C /* Debug */ = {
			isa = XCBuildConfiguration;
			buildSettings = {
				ASSETCATALOG_COMPILER_APPICON_NAME = AppIcon;
				INFOPLIST_FILE = "ios-camera-video-save-to-file-frames-AVAssetWriterInputPixelBufferAdaptor/Info.plist";
				LD_RUNPATH_SEARCH_PATHS = "$(inherited) @executable_path/Frameworks";
				PRODUCT_BUNDLE_IDENTIFIER = "com.project.ios.ios-camera-video-save-to-file-frames-AVAssetWriterInputPixelBufferAdaptor";
				PRODUCT_NAME = "$(TARGET_NAME)";
			};
			name = Debug;
		};
		3D9B47041D655E4D0018563C /* Release */ = {
			isa = XCBuildConfiguration;
			buildSettings = {
				ASSETCATALOG_COMPILER_APPICON_NAME = AppIcon;
				INFOPLIST_FILE = "ios-camera-video-save-to-file-frames-AVAssetWriterInputPixelBufferAdaptor/Info.plist";
				LD_RUNPATH_SEARCH_PATHS = "$(inherited) @executable_path/Frameworks";
				PRODUCT_BUNDLE_IDENTIFIER = "com.project.ios.ios-camera-video-save-to-file-frames-AVAssetWriterInputPixelBufferAdaptor";
				PRODUCT_NAME = "$(TARGET_NAME)";
			};
			name = Release;
		};
/* End XCBuildConfiguration section */

/* Begin XCConfigurationList section */
		3D9B46EB1D655E4C0018563C /* Build configuration list for PBXProject "ios-camera-video-save-to-file-frames-AVAssetWriterInputPixelBufferAdaptor" */ = {
			isa = XCConfigurationList;
			buildConfigurations = (
				3D9B47001D655E4D0018563C /* Debug */,
				3D9B47011D655E4D0018563C /* Release */,
			);
			defaultConfigurationIsVisible = 0;
			defaultConfigurationName = Release;
		};
		3D9B47021D655E4D0018563C /* Build configuration list for PBXNativeTarget "ios-camera-video-save-to-file-frames-AVAssetWriterInputPixelBufferAdaptor" */ = {
			isa = XCConfigurationList;
			buildConfigurations = (
				3D9B47031D655E4D0018563C /* Debug */,
				3D9B47041D655E4D0018563C /* Release */,
			);
			defaultConfigurationIsVisible = 0;
		};
/* End XCConfigurationList section */
	};
	rootObject = 3D9B46E81D655E4C0018563C /* Project object */;
}
